
Microsoft Visual Studio Solution File, Format Version 12.00
# Visual Studio Version 16
VisualStudioVersion = 16.0.30523.141
MinimumVisualStudioVersion = 10.0.40219.1
Project("{FAE04EC0-301F-11D3-BF4B-00C04F79EFBC}") = "01_TypesAndVariables", "01_TypesAndVariables\01_TypesAndVariables.csproj", "{569927E3-6F12-4D22-BF05-0C402A2687F7}"
EndProject
Project("{FAE04EC0-301F-11D3-BF4B-00C04F79EFBC}") = "02_Operators", "02_Operators\02_Operators.csproj", "{A9032CC1-63B6-4144-A182-654569C01C9B}"
EndProject
Project("{FAE04EC0-301F-11D3-BF4B-00C04F79EFBC}") = "03_Conditionals", "03_Conditionals\03_Conditionals.csproj", "{66A655F5-1B27-44C5-ABFA-436EE745262D}"
EndProject
Project("{FAE04EC0-301F-11D3-BF4B-00C04F79EFBC}") = "04_Loops", "04_Loops\04_Loops.csproj", "{08F31BB5-C06B-43E9-B504-83EA647B8438}"
EndProject
Project("{FAE04EC0-301F-11D3-BF4B-00C04F79EFBC}") = "05_Classes", "05_Classes\05_Classes.csproj", "{55AAE4AE-4ACA-47D3-BCE9-AC2ADCE55CE8}"
EndProject
Project("{FAE04EC0-301F-11D3-BF4B-00C04F79EFBC}") = "06_StreamingContent_Repository", "06_StreamingContent_Repository\06_StreamingContent_Repository.csproj", "{B463131E-8781-431D-8F9E-6D87CE78177A}"
EndProject
Project("{FAE04EC0-301F-11D3-BF4B-00C04F79EFBC}") = "06_StreamingContent_Tests", "06_StreamingContent_Tests\06_StreamingContent_Tests.csproj", "{27F52B7A-1269-432F-BAD1-4A0ACD5D3238}"
EndProject
Project("{FAE04EC0-301F-11D3-BF4B-00C04F79EFBC}") = "06_StreamingContent_Console", "06_StreamingContent_Console\06_StreamingContent_Console.csproj", "{E4D7B977-97A7-485F-89BC-41B201E4FB84}"
EndProject
Project("{FAE04EC0-301F-11D3-BF4B-00C04F79EFBC}") = "07_Inheritance", "07_Inheritance\07_Inheritance.csproj", "{18EDE185-363D-4553-8E97-E87681409F3D}"
EndProject
Project("{FAE04EC0-301F-11D3-BF4B-00C04F79EFBC}") = "08_Interfaces", "08_Interfaces\08_Interfaces.csproj", "{1FF7296F-6C82-4F5F-B0C5-9E1E64B0F6DE}"
EndProject
Project("{FAE04EC0-301F-11D3-BF4B-00C04F79EFBC}") = "69_Insurance_Tests", "69_Insurance_Tests\69_Insurance_Tests.csproj", "{75367A21-8E71-4C75-B7E1-E1D2F1B5DA74}"
EndProject
Project("{FAE04EC0-301F-11D3-BF4B-00C04F79EFBC}") = "69_Customer_Repo", "69_Customer_Repo\69_Customer_Repo.csproj", "{1DC7E846-9318-4FA2-8134-DA2C0698B193}"
EndProject
Project("{FAE04EC0-301F-11D3-BF4B-00C04F79EFBC}") = "69_Insurance_Console", "69_Insurance_Console\69_Insurance_Console.csproj", "{F0DA9263-B5A4-4CE6-BBC3-932B9DBCFE00}"
EndProject
Project("{FAE04EC0-301F-11D3-BF4B-00C04F79EFBC}") = "09_StreamingContent_UIRefactor", "09_StreamingContent_UIRefactor\09_StreamingContent_UIRefactor.csproj", "{E1BAD096-42CA-418F-B153-7199DE3109C6}"
EndProject
Project("{FAE04EC0-301F-11D3-BF4B-00C04F79EFBC}") = "Challenge_KI_Cars", "Challenge_KI_Cars\Challenge_KI_Cars.csproj", "{EDB7C6C8-0C61-42C6-98AE-C9BC3C7BFDF7}"
EndProject
Project("{FAE04EC0-301F-11D3-BF4B-00C04F79EFBC}") = "10_IntroToAPIs", "10_IntroToAPIs\10_IntroToAPIs.csproj", "{1D17BBB5-4DE1-4284-A179-29458612D30D}"
EndProject
Global
	GlobalSection(SolutionConfigurationPlatforms) = preSolution
		Debug|Any CPU = Debug|Any CPU
		Release|Any CPU = Release|Any CPU
	EndGlobalSection
	GlobalSection(ProjectConfigurationPlatforms) = postSolution
		{569927E3-6F12-4D22-BF05-0C402A2687F7}.Debug|Any CPU.ActiveCfg = Debug|Any CPU
		{569927E3-6F12-4D22-BF05-0C402A2687F7}.Debug|Any CPU.Build.0 = Debug|Any CPU
		{569927E3-6F12-4D22-BF05-0C402A2687F7}.Release|Any CPU.ActiveCfg = Release|Any CPU
		{569927E3-6F12-4D22-BF05-0C402A2687F7}.Release|Any CPU.Build.0 = Release|Any CPU
		{A9032CC1-63B6-4144-A182-654569C01C9B}.Debug|Any CPU.ActiveCfg = Debug|Any CPU
		{A9032CC1-63B6-4144-A182-654569C01C9B}.Debug|Any CPU.Build.0 = Debug|Any CPU
		{A9032CC1-63B6-4144-A182-654569C01C9B}.Release|Any CPU.ActiveCfg = Release|Any CPU
		{A9032CC1-63B6-4144-A182-654569C01C9B}.Release|Any CPU.Build.0 = Release|Any CPU
		{66A655F5-1B27-44C5-ABFA-436EE745262D}.Debug|Any CPU.ActiveCfg = Debug|Any CPU
		{66A655F5-1B27-44C5-ABFA-436EE745262D}.Debug|Any CPU.Build.0 = Debug|Any CPU
		{66A655F5-1B27-44C5-ABFA-436EE745262D}.Release|Any CPU.ActiveCfg = Release|Any CPU
		{66A655F5-1B27-44C5-ABFA-436EE745262D}.Release|Any CPU.Build.0 = Release|Any CPU
		{08F31BB5-C06B-43E9-B504-83EA647B8438}.Debug|Any CPU.ActiveCfg = Debug|Any CPU
		{08F31BB5-C06B-43E9-B504-83EA647B8438}.Debug|Any CPU.Build.0 = Debug|Any CPU
		{08F31BB5-C06B-43E9-B504-83EA647B8438}.Release|Any CPU.ActiveCfg = Release|Any CPU
		{08F31BB5-C06B-43E9-B504-83EA647B8438}.Release|Any CPU.Build.0 = Release|Any CPU
		{55AAE4AE-4ACA-47D3-BCE9-AC2ADCE55CE8}.Debug|Any CPU.ActiveCfg = Debug|Any CPU
		{55AAE4AE-4ACA-47D3-BCE9-AC2ADCE55CE8}.Debug|Any CPU.Build.0 = Debug|Any CPU
		{55AAE4AE-4ACA-47D3-BCE9-AC2ADCE55CE8}.Release|Any CPU.ActiveCfg = Release|Any CPU
		{55AAE4AE-4ACA-47D3-BCE9-AC2ADCE55CE8}.Release|Any CPU.Build.0 = Release|Any CPU
		{B463131E-8781-431D-8F9E-6D87CE78177A}.Debug|Any CPU.ActiveCfg = Debug|Any CPU
		{B463131E-8781-431D-8F9E-6D87CE78177A}.Debug|Any CPU.Build.0 = Debug|Any CPU
		{B463131E-8781-431D-8F9E-6D87CE78177A}.Release|Any CPU.ActiveCfg = Release|Any CPU
		{B463131E-8781-431D-8F9E-6D87CE78177A}.Release|Any CPU.Build.0 = Release|Any CPU
		{27F52B7A-1269-432F-BAD1-4A0ACD5D3238}.Debug|Any CPU.ActiveCfg = Debug|Any CPU
		{27F52B7A-1269-432F-BAD1-4A0ACD5D3238}.Debug|Any CPU.Build.0 = Debug|Any CPU
		{27F52B7A-1269-432F-BAD1-4A0ACD5D3238}.Release|Any CPU.ActiveCfg = Release|Any CPU
		{27F52B7A-1269-432F-BAD1-4A0ACD5D3238}.Release|Any CPU.Build.0 = Release|Any CPU
		{E4D7B977-97A7-485F-89BC-41B201E4FB84}.Debug|Any CPU.ActiveCfg = Debug|Any CPU
		{E4D7B977-97A7-485F-89BC-41B201E4FB84}.Debug|Any CPU.Build.0 = Debug|Any CPU
		{E4D7B977-97A7-485F-89BC-41B201E4FB84}.Release|Any CPU.ActiveCfg = Release|Any CPU
		{E4D7B977-97A7-485F-89BC-41B201E4FB84}.Release|Any CPU.Build.0 = Release|Any CPU
		{18EDE185-363D-4553-8E97-E87681409F3D}.Debug|Any CPU.ActiveCfg = Debug|Any CPU
		{18EDE185-363D-4553-8E97-E87681409F3D}.Debug|Any CPU.Build.0 = Debug|Any CPU
		{18EDE185-363D-4553-8E97-E87681409F3D}.Release|Any CPU.ActiveCfg = Release|Any CPU
		{18EDE185-363D-4553-8E97-E87681409F3D}.Release|Any CPU.Build.0 = Release|Any CPU
		{1FF7296F-6C82-4F5F-B0C5-9E1E64B0F6DE}.Debug|Any CPU.ActiveCfg = Debug|Any CPU
		{1FF7296F-6C82-4F5F-B0C5-9E1E64B0F6DE}.Debug|Any CPU.Build.0 = Debug|Any CPU
		{1FF7296F-6C82-4F5F-B0C5-9E1E64B0F6DE}.Release|Any CPU.ActiveCfg = Release|Any CPU
		{1FF7296F-6C82-4F5F-B0C5-9E1E64B0F6DE}.Release|Any CPU.Build.0 = Release|Any CPU
		{75367A21-8E71-4C75-B7E1-E1D2F1B5DA74}.Debug|Any CPU.ActiveCfg = Debug|Any CPU
		{75367A21-8E71-4C75-B7E1-E1D2F1B5DA74}.Debug|Any CPU.Build.0 = Debug|Any CPU
		{75367A21-8E71-4C75-B7E1-E1D2F1B5DA74}.Release|Any CPU.ActiveCfg = Release|Any CPU
		{75367A21-8E71-4C75-B7E1-E1D2F1B5DA74}.Release|Any CPU.Build.0 = Release|Any CPU
		{1DC7E846-9318-4FA2-8134-DA2C0698B193}.Debug|Any CPU.ActiveCfg = Debug|Any CPU
		{1DC7E846-9318-4FA2-8134-DA2C0698B193}.Debug|Any CPU.Build.0 = Debug|Any CPU
		{1DC7E846-9318-4FA2-8134-DA2C0698B193}.Release|Any CPU.ActiveCfg = Release|Any CPU
		{1DC7E846-9318-4FA2-8134-DA2C0698B193}.Release|Any CPU.Build.0 = Release|Any CPU
		{F0DA9263-B5A4-4CE6-BBC3-932B9DBCFE00}.Debug|Any CPU.ActiveCfg = Debug|Any CPU
		{F0DA9263-B5A4-4CE6-BBC3-932B9DBCFE00}.Debug|Any CPU.Build.0 = Debug|Any CPU
		{F0DA9263-B5A4-4CE6-BBC3-932B9DBCFE00}.Release|Any CPU.ActiveCfg = Release|Any CPU
		{F0DA9263-B5A4-4CE6-BBC3-932B9DBCFE00}.Release|Any CPU.Build.0 = Release|Any CPU
		{E1BAD096-42CA-418F-B153-7199DE3109C6}.Debug|Any CPU.ActiveCfg = Debug|Any CPU
		{E1BAD096-42CA-418F-B153-7199DE3109C6}.Debug|Any CPU.Build.0 = Debug|Any CPU
		{E1BAD096-42CA-418F-B153-7199DE3109C6}.Release|Any CPU.ActiveCfg = Release|Any CPU
		{E1BAD096-42CA-418F-B153-7199DE3109C6}.Release|Any CPU.Build.0 = Release|Any CPU
		{EDB7C6C8-0C61-42C6-98AE-C9BC3C7BFDF7}.Debug|Any CPU.ActiveCfg = Debug|Any CPU
		{EDB7C6C8-0C61-42C6-98AE-C9BC3C7BFDF7}.Debug|Any CPU.Build.0 = Debug|Any CPU
		{EDB7C6C8-0C61-42C6-98AE-C9BC3C7BFDF7}.Release|Any CPU.ActiveCfg = Release|Any CPU
		{EDB7C6C8-0C61-42C6-98AE-C9BC3C7BFDF7}.Release|Any CPU.Build.0 = Release|Any CPU
		{1D17BBB5-4DE1-4284-A179-29458612D30D}.Debug|Any CPU.ActiveCfg = Debug|Any CPU
		{1D17BBB5-4DE1-4284-A179-29458612D30D}.Debug|Any CPU.Build.0 = Debug|Any CPU
		{1D17BBB5-4DE1-4284-A179-29458612D30D}.Release|Any CPU.ActiveCfg = Release|Any CPU
		{1D17BBB5-4DE1-4284-A179-29458612D30D}.Release|Any CPU.Build.0 = Release|Any CPU
	EndGlobalSection
	GlobalSection(SolutionProperties) = preSolution
		HideSolutionNode = FALSE
	EndGlobalSection
	GlobalSection(ExtensibilityGlobals) = postSolution
		SolutionGuid = {75D8A8C3-5635-4D52-B74B-B26914224553}
	EndGlobalSection
EndGlobal
